lockfileVersion: '6.0'

settings:
  autoInstallPeers: true
  excludeLinksFromLockfile: false

devDependencies:
  jsdom:
    specifier: ^28.1.0
    version: 28.1.0
  prettier:
    specifier: ^2.8.3
    version: 2.8.3
  shiki:
    specifier: ^0.12.1
    version: 0.12.1
  windicss:
    specifier: ^3.5.6
    version: 3.5.6

packages:

  /@acemir/cssom@0.9.31:
    resolution: {integrity: sha512-ZnR3GSaH+/vJ0YlHau21FjfLYjMpYVIzTD8M8vIEQvIGxeOXyXdzCI140rrCY862p/C/BbzWsjc1dgnM9mkoTA==}
    dev: true

  /@asamuzakjp/css-color@5.0.1:
    resolution: {integrity: sha512-2SZFvqMyvboVV1d15lMf7XiI3m7SDqXUuKaTymJYLN6dSGadqp+fVojqJlVoMlbZnlTmu3S0TLwLTJpvBMO1Aw==}
    engines: {node: ^20.19.0 || ^22.12.0 || >=24.0.0}
    dependencies:
      '@csstools/css-calc': 3.1.1(@csstools/css-parser-algorithms@4.0.0)(@csstools/css-tokenizer@4.0.0)
      '@csstools/css-color-parser': 4.0.2(@csstools/css-parser-algorithms@4.0.0)(@csstools/css-tokenizer@4.0.0)
      '@csstools/css-parser-algorithms': 4.0.0(@csstools/css-tokenizer@4.0.0)
      '@csstools/css-tokenizer': 4.0.0
      lru-cache: 11.2.6
    dev: true

  /@asamuzakjp/dom-selector@6.8.1:
    resolution: {integrity: sha512-MvRz1nCqW0fsy8Qz4dnLIvhOlMzqDVBabZx6lH+YywFDdjXhMY37SmpV1XFX3JzG5GWHn63j6HX6QPr3lZXHvQ==}
    dependencies:
      '@asamuzakjp/nwsapi': 2.3.9
      bidi-js: 1.0.3
      css-tree: 3.2.1
      is-potential-custom-element-name: 1.0.1
      lru-cache: 11.2.6
    dev: true

  /@asamuzakjp/nwsapi@2.3.9:
    resolution: {integrity: sha512-n8GuYSrI9bF7FFZ/SjhwevlHc8xaVlb/7HmHelnc/PZXBD2ZR49NnN9sMMuDdEGPeeRQ5d0hqlSlEpgCX3Wl0Q==}
    dev: true

  /@bramus/specificity@2.4.2:
    resolution: {integrity: sha512-ctxtJ/eA+t+6q2++vj5j7FYX3nRu311q1wfYH3xjlLOsczhlhxAg2FWNUXhpGvAw3BWo1xBcvOV6/YLc2r5FJw==}
    hasBin: true
    dependencies:
      css-tree: 3.2.1
    dev: true

  /@csstools/color-helpers@6.0.2:
    resolution: {integrity: sha512-LMGQLS9EuADloEFkcTBR3BwV/CGHV7zyDxVRtVDTwdI2Ca4it0CCVTT9wCkxSgokjE5Ho41hEPgb8OEUwoXr6Q==}
    engines: {node: '>=20.19.0'}
    dev: true

  /@csstools/css-calc@3.1.1(@csstools/css-parser-algorithms@4.0.0)(@csstools/css-tokenizer@4.0.0):
    resolution: {integrity: sha512-HJ26Z/vmsZQqs/o3a6bgKslXGFAungXGbinULZO3eMsOyNJHeBBZfup5FiZInOghgoM4Hwnmw+OgbJCNg1wwUQ==}
    engines: {node: '>=20.19.0'}
    peerDependencies:
      '@csstools/css-parser-algorithms': ^4.0.0
      '@csstools/css-tokenizer': ^4.0.0
    dependencies:
      '@csstools/css-parser-algorithms': 4.0.0(@csstools/css-tokenizer@4.0.0)
      '@csstools/css-tokenizer': 4.0.0
    dev: true

  /@csstools/css-color-parser@4.0.2(@csstools/css-parser-algorithms@4.0.0)(@csstools/css-tokenizer@4.0.0):
    resolution: {integrity: sha512-0GEfbBLmTFf0dJlpsNU7zwxRIH0/BGEMuXLTCvFYxuL1tNhqzTbtnFICyJLTNK4a+RechKP75e7w42ClXSnJQw==}
    engines: {node: '>=20.19.0'}
    peerDependencies:
      '@csstools/css-parser-algorithms': ^4.0.0
      '@csstools/css-tokenizer': ^4.0.0
    dependencies:
      '@csstools/color-helpers': 6.0.2
      '@csstools/css-calc': 3.1.1(@csstools/css-parser-algorithms@4.0.0)(@csstools/css-tokenizer@4.0.0)
      '@csstools/css-parser-algorithms': 4.0.0(@csstools/css-tokenizer@4.0.0)
      '@csstools/css-tokenizer': 4.0.0
    dev: true

  /@csstools/css-parser-algorithms@4.0.0(@csstools/css-tokenizer@4.0.0):
    resolution: {integrity: sha512-+B87qS7fIG3L5h3qwJ/IFbjoVoOe/bpOdh9hAjXbvx0o8ImEmUsGXN0inFOnk2ChCFgqkkGFQ+TpM5rbhkKe4w==}
    engines: {node: '>=20.19.0'}
    peerDependencies:
      '@csstools/css-tokenizer': ^4.0.0
    dependencies:
      '@csstools/css-tokenizer': 4.0.0
    dev: true

  /@csstools/css-syntax-patches-for-csstree@1.1.0:
    resolution: {integrity: sha512-H4tuz2nhWgNKLt1inYpoVCfbJbMwX/lQKp3g69rrrIMIYlFD9+zTykOKhNR8uGrAmbS/kT9n6hTFkmDkxLgeTA==}
    dev: true

  /@csstools/css-tokenizer@4.0.0:
    resolution: {integrity: sha512-QxULHAm7cNu72w97JUNCBFODFaXpbDg+dP8b/oWFAZ2MTRppA3U00Y2L1HqaS4J6yBqxwa/Y3nMBaxVKbB/NsA==}
    engines: {node: '>=20.19.0'}
    dev: true

  /@exodus/bytes@1.15.0:
    resolution: {integrity: sha512-UY0nlA+feH81UGSHv92sLEPLCeZFjXOuHhrIo0HQydScuQc8s0A7kL/UdgwgDq8g8ilksmuoF35YVTNphV2aBQ==}
    engines: {node: ^20.19.0 || ^22.12.0 || >=24.0.0}
    peerDependencies:
      '@noble/hashes': ^1.8.0 || ^2.0.0
    peerDependenciesMeta:
      '@noble/hashes':
        optional: true
    dev: true

  /agent-base@7.1.4:
    resolution: {integrity: sha512-MnA+YT8fwfJPgBx3m60MNqakm30XOkyIoH1y6huTQvC0PwZG7ki8NacLBcrPbNoo8vEZy7Jpuk7+jMO+CUovTQ==}
    engines: {node: '>= 14'}
    dev: true

  /bidi-js@1.0.3:
    resolution: {integrity: sha512-RKshQI1R3YQ+n9YJz2QQ147P66ELpa1FQEg20Dk8oW9t2KgLbpDLLp9aGZ7y8WHSshDknG0bknqGw5/tyCs5tw==}
    dependencies:
      require-from-string: 2.0.2
    dev: true

  /css-tree@3.2.1:
    resolution: {integrity: sha512-X7sjQzceUhu1u7Y/ylrRZFU2FS6LRiFVp6rKLPg23y3x3c3DOKAwuXGDp+PAGjh6CSnCjYeAul8pcT8bAl+lSA==}
    engines: {node: ^10 || ^12.20.0 || ^14.13.0 || >=15.0.0}
    dependencies:
      mdn-data: 2.27.1
      source-map-js: 1.2.1
    dev: true

  /cssstyle@6.2.0:
    resolution: {integrity: sha512-Fm5NvhYathRnXNVndkUsCCuR63DCLVVwGOOwQw782coXFi5HhkXdu289l59HlXZBawsyNccXfWRYvLzcDCdDig==}
    engines: {node: '>=20'}
    dependencies:
      '@asamuzakjp/css-color': 5.0.1
      '@csstools/css-syntax-patches-for-csstree': 1.1.0
      css-tree: 3.2.1
      lru-cache: 11.2.6
    dev: true

  /data-urls@7.0.0:
    resolution: {integrity: sha512-23XHcCF+coGYevirZceTVD7NdJOqVn+49IHyxgszm+JIiHLoB2TkmPtsYkNWT1pvRSGkc35L6NHs0yHkN2SumA==}
    engines: {node: ^20.19.0 || ^22.12.0 || >=24.0.0}
    dependencies:
      whatwg-mimetype: 5.0.0
      whatwg-url: 16.0.1
    transitivePeerDependencies:
      - '@noble/hashes'
    dev: true

  /debug@4.3.4:
    resolution: {integrity: sha512-PRWFHuSU3eDtQJPvnNY7Jcket1j0t5OuOsFzPPzsekD52Zl8qUfFIPEiswXqIvHWGVHOgX+7G/vCNNhehwxfkQ==}
    engines: {node: '>=6.0'}
    peerDependencies:
      supports-color: '*'
    peerDependenciesMeta:
      supports-color:
        optional: true
    dependencies:
      ms: 2.1.2
    dev: true

  /decimal.js@10.6.0:
    resolution: {integrity: sha512-YpgQiITW3JXGntzdUmyUR1V812Hn8T1YVXhCu+wO3OpS4eU9l4YdD3qjyiKdV6mvV29zapkMeD390UVEf2lkUg==}
    dev: true

  /entities@6.0.1:
    resolution: {integrity: sha512-aN97NXWF6AWBTahfVOIrB/NShkzi5H7F9r1s9mD3cDj4Ko5f2qhhVoYMibXF7GlLveb/D2ioWay8lxI97Ven3g==}
    engines: {node: '>=0.12'}
    dev: true

  /html-encoding-sniffer@6.0.0:
    resolution: {integrity: sha512-CV9TW3Y3f8/wT0BRFc1/KAVQ3TUHiXmaAb6VW9vtiMFf7SLoMd1PdAc4W3KFOFETBJUb90KatHqlsZMWV+R9Gg==}
    engines: {node: ^20.19.0 || ^22.12.0 || >=24.0.0}
    dependencies:
      '@exodus/bytes': 1.15.0
    transitivePeerDependencies:
      - '@noble/hashes'
    dev: true

  /http-proxy-agent@7.0.2:
    resolution: {integrity: sha512-T1gkAiYYDWYx3V5Bmyu7HcfcvL7mUrTWiM6yOfa3PIphViJ/gFPbvidQ+veqSOHci/PxBcDabeUNCzpOODJZig==}
    engines: {node: '>= 14'}
    dependencies:
      agent-base: 7.1.4
      debug: 4.3.4
    transitivePeerDependencies:
      - supports-color
    dev: true

  /https-proxy-agent@7.0.6:
    resolution: {integrity: sha512-vK9P5/iUfdl95AI+JVyUuIcVtd4ofvtrOr3HNtM2yxC9bnMbEdp3x01OhQNnjb8IJYi38VlTE3mBXwcfvywuSw==}
    engines: {node: '>= 14'}
    dependencies:
      agent-base: 7.1.4
      debug: 4.3.4
    transitivePeerDependencies:
      - supports-color
    dev: true

  /is-potential-custom-element-name@1.0.1:
    resolution: {integrity: sha512-bCYeRA2rVibKZd+s2625gGnGF/t7DSqDs4dP7CrLA1m7jKWz6pps0LpYLJN8Q64HtmPKJ1hrN3nzPNKFEKOUiQ==}
    dev: true

  /jsdom@28.1.0:
    resolution: {integrity: sha512-0+MoQNYyr2rBHqO1xilltfDjV9G7ymYGlAUazgcDLQaUf8JDHbuGwsxN6U9qWaElZ4w1B2r7yEGIL3GdeW3Rug==}
    engines: {node: ^20.19.0 || ^22.12.0 || >=24.0.0}
    peerDependencies:
      canvas: ^3.0.0
    peerDependenciesMeta:
      canvas:
        optional: true
    dependencies:
      '@acemir/cssom': 0.9.31
      '@asamuzakjp/dom-selector': 6.8.1
      '@bramus/specificity': 2.4.2
      '@exodus/bytes': 1.15.0
      cssstyle: 6.2.0
      data-urls: 7.0.0
      decimal.js: 10.6.0
      html-encoding-sniffer: 6.0.0
      http-proxy-agent: 7.0.2
      https-proxy-agent: 7.0.6
      is-potential-custom-element-name: 1.0.1
      parse5: 8.0.0
      saxes: 6.0.0
      symbol-tree: 3.2.4
      tough-cookie: 6.0.1
      undici: 7.24.0
      w3c-xmlserializer: 5.0.0
      webidl-conversions: 8.0.1
      whatwg-mimetype: 5.0.0
      whatwg-url: 16.0.1
      xml-name-validator: 5.0.0
    transitivePeerDependencies:
      - '@noble/hashes'
      - supports-color
    dev: true

  /jsonc-parser@3.2.0:
    resolution: {integrity: sha512-gfFQZrcTc8CnKXp6Y4/CBT3fTc0OVuDofpre4aEeEpSBPV5X5v4+Vmx+8snU7RLPrNHPKSgLxGo9YuQzz20o+w==}
    dev: true

  /lru-cache@11.2.6:
    resolution: {integrity: sha512-ESL2CrkS/2wTPfuend7Zhkzo2u0daGJ/A2VucJOgQ/C48S/zB8MMeMHSGKYpXhIjbPxfuezITkaBH1wqv00DDQ==}
    engines: {node: 20 || >=22}
    dev: true

  /mdn-data@2.27.1:
    resolution: {integrity: sha512-9Yubnt3e8A0OKwxYSXyhLymGW4sCufcLG6VdiDdUGVkPhpqLxlvP5vl1983gQjJl3tqbrM731mjaZaP68AgosQ==}
    dev: true

  /ms@2.1.2:
    resolution: {integrity: sha512-sGkPx+VjMtmA6MX27oA4FBFELFCZZ4S4XqeGOXCv68tT+jb3vk/RyaKWP0PTKyWtmLSM0b+adUTEvbs1PEaH2w==}
    dev: true

  /parse5@8.0.0:
    resolution: {integrity: sha512-9m4m5GSgXjL4AjumKzq1Fgfp3Z8rsvjRNbnkVwfu2ImRqE5D0LnY2QfDen18FSY9C573YU5XxSapdHZTZ2WolA==}
    dependencies:
      entities: 6.0.1
    dev: true

  /prettier@2.8.3:
    resolution: {integrity: sha512-tJ/oJ4amDihPoufT5sM0Z1SKEuKay8LfVAMlbbhnnkvt6BUserZylqo2PN+p9KeljLr0OHa2rXHU1T8reeoTrw==}
    engines: {node: '>=10.13.0'}
    hasBin: true
    dev: true

  /punycode@2.3.1:
    resolution: {integrity: sha512-vYt7UD1U9Wg6138shLtLOvdAu+8DsC/ilFtEVHcH+wydcSpNE20AfSOduf6MkRFahL5FY7X1oU7nKVZFtfq8Fg==}
    engines: {node: '>=6'}
    dev: true

  /require-from-string@2.0.2:
    resolution: {integrity: sha512-Xf0nWe6RseziFMu+Ap9biiUbmplq6S9/p+7w7YXP/JBHhrUDDUhwa+vANyubuqfZWTveU//DYVGsDG7RKL/vEw==}
    engines: {node: '>=0.10.0'}
    dev: true

  /saxes@6.0.0:
    resolution: {integrity: sha512-xAg7SOnEhrm5zI3puOOKyy1OMcMlIJZYNJY7xLBwSze0UjhPLnWfj2GF2EpT0jmzaJKIWKHLsaSSajf35bcYnA==}
    engines: {node: '>=v12.22.7'}
    dependencies:
      xmlchars: 2.2.0
    dev: true

  /shiki@0.12.1:
    resolution: {integrity: sha512-aieaV1m349rZINEBkjxh2QbBvFFQOlgqYTNtCal82hHj4dDZ76oMlQIX+C7ryerBTDiga3e5NfH6smjdJ02BbQ==}
    dependencies:
      jsonc-parser: 3.2.0
      vscode-oniguruma: 1.7.0
      vscode-textmate: 8.0.0
    dev: true

  /source-map-js@1.2.1:
    resolution: {integrity: sha512-UXWMKhLOwVKb728IUtQPXxfYU+usdybtUrK/8uGE8CQMvrhOpwvzDBwj0QhSL7MQc7vIsISBG8VQ8+IDQxpfQA==}
    engines: {node: '>=0.10.0'}
    dev: true

  /symbol-tree@3.2.4:
    resolution: {integrity: sha512-9QNk5KwDF+Bvz+PyObkmSYjI5ksVUYtjW7AU22r2NKcfLJcXp96hkDWU3+XndOsUb+AQ9QhfzfCT2O+CNWT5Tw==}
    dev: true

  /tldts-core@7.0.25:
    resolution: {integrity: sha512-ZjCZK0rppSBu7rjHYDYsEaMOIbbT+nWF57hKkv4IUmZWBNrBWBOjIElc0mKRgLM8bm7x/BBlof6t2gi/Oq/Asw==}
    dev: true

  /tldts@7.0.25:
    resolution: {integrity: sha512-keinCnPbwXEUG3ilrWQZU+CqcTTzHq9m2HhoUP2l7Xmi8l1LuijAXLpAJ5zRW+ifKTNscs4NdCkfkDCBYm352w==}
    hasBin: true
    dependencies:
      tldts-core: 7.0.25
    dev: true

  /tough-cookie@6.0.1:
    resolution: {integrity: sha512-LktZQb3IeoUWB9lqR5EWTHgW/VTITCXg4D21M+lvybRVdylLrRMnqaIONLVb5mav8vM19m44HIcGq4qASeu2Qw==}
    engines: {node: '>=16'}
    dependencies:
      tldts: 7.0.25
    dev: true

  /tr46@6.0.0:
    resolution: {integrity: sha512-bLVMLPtstlZ4iMQHpFHTR7GAGj2jxi8Dg0s2h2MafAE4uSWF98FC/3MomU51iQAMf8/qDUbKWf5GxuvvVcXEhw==}
    engines: {node: '>=20'}
    dependencies:
      punycode: 2.3.1
    dev: true

  /undici@7.24.0:
    resolution: {integrity: sha512-jxytwMHhsbdpBXxLAcuu0fzlQeXCNnWdDyRHpvWsUl8vd98UwYdl9YTyn8/HcpcJPC3pwUveefsa3zTxyD/ERg==}
    engines: {node: '>=20.18.1'}
    dev: true

  /vscode-oniguruma@1.7.0:
    resolution: {integrity: sha512-L9WMGRfrjOhgHSdOYgCt/yRMsXzLDJSL7BPrOZt73gU0iWO4mpqzqQzOz5srxqTvMBaR0XZTSrVWo4j55Rc6cA==}
    dev: true

  /vscode-textmate@8.0.0:
    resolution: {integrity: sha512-AFbieoL7a5LMqcnOF04ji+rpXadgOXnZsxQr//r83kLPr7biP7am3g9zbaZIaBGwBRWeSvoMD4mgPdX3e4NWBg==}
    dev: true

  /w3c-xmlserializer@5.0.0:
    resolution: {integrity: sha512-o8qghlI8NZHU1lLPrpi2+Uq7abh4GGPpYANlalzWxyWteJOCsr/P+oPBA49TOLu5FTZO4d3F9MnWJfiMo4BkmA==}
    engines: {node: '>=18'}
    dependencies:
      xml-name-validator: 5.0.0
    dev: true

  /webidl-conversions@8.0.1:
    resolution: {integrity: sha512-BMhLD/Sw+GbJC21C/UgyaZX41nPt8bUTg+jWyDeg7e7YN4xOM05YPSIXceACnXVtqyEw/LMClUQMtMZ+PGGpqQ==}
    engines: {node: '>=20'}
    dev: true

  /whatwg-mimetype@5.0.0:
    resolution: {integrity: sha512-sXcNcHOC51uPGF0P/D4NVtrkjSU2fNsm9iog4ZvZJsL3rjoDAzXZhkm2MWt1y+PUdggKAYVoMAIYcs78wJ51Cw==}
    engines: {node: '>=20'}
    dev: true

  /whatwg-url@16.0.1:
    resolution: {integrity: sha512-1to4zXBxmXHV3IiSSEInrreIlu02vUOvrhxJJH5vcxYTBDAx51cqZiKdyTxlecdKNSjj8EcxGBxNf6Vg+945gw==}
    engines: {node: ^20.19.0 || ^22.12.0 || >=24.0.0}
    dependencies:
      '@exodus/bytes': 1.15.0
      tr46: 6.0.0
      webidl-conversions: 8.0.1
    transitivePeerDependencies:
      - '@noble/hashes'
    dev: true

  /windicss@3.5.6:
    resolution: {integrity: sha512-P1mzPEjgFMZLX0ZqfFht4fhV/FX8DTG7ERG1fBLiWvd34pTLVReS5CVsewKn9PApSgXnVfPWwvq+qUsRwpnwFA==}
    engines: {node: '>= 12'}
    hasBin: true
    dev: true

  /xml-name-validator@5.0.0:
    resolution: {integrity: sha512-EvGK8EJ3DhaHfbRlETOWAS5pO9MZITeauHKJyb8wyajUfQUenkIg2MvLDTZ4T/TgIcm3HU0TFBgWWboAZ30UHg==}
    engines: {node: '>=18'}
    dev: true

  /xmlchars@2.2.0:
    resolution: {integrity: sha512-JZnDKK8B0RCDw84FNdDAIpZK+JuJw+s7Lz8nksI7SIuU3UXJJslUthsi+uWBUYOwPFwW7W7PRLRfUKpxjtjFCw==}
    dev: true
